
Microsoft Visual Studio Solution File, Format Version 12.00
# Visual Studio 15
VisualStudioVersion = 15.0.28307.572
MinimumVisualStudioVersion = 10.0.40219.1
Project("{2150E333-8FDC-42A3-9474-1A3956D46DE8}") = "CleanArch.Aplication", "CleanArch.Aplication", "{0246AAA5-7F84-467F-BD33-AB82D0FA4B88}"
EndProject
Project("{2150E333-8FDC-42A3-9474-1A3956D46DE8}") = "CelanArch.Domain", "CelanArch.Domain", "{DE0ADF3C-55B8-4F1B-A156-9C2CD880B680}"
EndProject
Project("{2150E333-8FDC-42A3-9474-1A3956D46DE8}") = "CleanArch.Infra.Data", "CleanArch.Infra.Data", "{81851713-8DF1-4175-B48B-20F17BD82970}"
EndProject
Project("{2150E333-8FDC-42A3-9474-1A3956D46DE8}") = "CleanArch.Infra.IoC", "CleanArch.Infra.IoC", "{A77E4A5D-93A3-4A78-AFB0-3197E9D2961D}"
EndProject
Project("{2150E333-8FDC-42A3-9474-1A3956D46DE8}") = "CleanArch.UI.MVC", "CleanArch.UI.MVC", "{B646CA82-9B6F-422F-BE6A-FB24F24EEBF9}"
EndProject
Global
	GlobalSection(SolutionProperties) = preSolution
		HideSolutionNode = FALSE
	EndGlobalSection
	GlobalSection(ExtensibilityGlobals) = postSolution
		SolutionGuid = {3CC91499-4283-4740-8EBB-E0A30D1E75AE}
	EndGlobalSection
EndGlobal
